
Microsoft Visual Studio Solution File, Format Version 12.00
# Visual Studio Version 17
VisualStudioVersion = 17.14.36705.20 d17.14
MinimumVisualStudioVersion = 10.0.40219.1
Project("{FAE04EC0-301F-11D3-BF4B-00C04F79EFBC}") = "LargestConsecutiveProduct", "LargestConsecutiveProduct\LargestConsecutiveProduct.csproj", "{1A9D617F-1CC8-46A0-85B6-22F601519781}"
EndProject
Global
	GlobalSection(SolutionConfigurationPlatforms) = preSolution
		Debug|Any CPU = Debug|Any CPU
		Release|Any CPU = Release|Any CPU
	EndGlobalSection
	GlobalSection(ProjectConfigurationPlatforms) = postSolution
		{1A9D617F-1CC8-46A0-85B6-22F601519781}.Debug|Any CPU.ActiveCfg = Debug|Any CPU
		{1A9D617F-1CC8-46A0-85B6-22F601519781}.Debug|Any CPU.Build.0 = Debug|Any CPU
		{1A9D617F-1CC8-46A0-85B6-22F601519781}.Release|Any CPU.ActiveCfg = Release|Any CPU
		{1A9D617F-1CC8-46A0-85B6-22F601519781}.Release|Any CPU.Build.0 = Release|Any CPU
	EndGlobalSection
	GlobalSection(SolutionProperties) = preSolution
		HideSolutionNode = FALSE
	EndGlobalSection
	GlobalSection(ExtensibilityGlobals) = postSolution
		SolutionGuid = {8FE7CBF4-CBCB-45C4-B641-F759AC965DF7}
	EndGlobalSection
EndGlobal
